// !$*UTF8*$!
{
	archiveVersion = 1;
	classes = {
	};
	objectVersion = 56;
	objects = {

/* Begin PBXBuildFile section */
		06180BC028C8832000E79AC4 /* ProductInformationTextField.swift in Sources */ = {isa = PBXBuildFile; fileRef = 06180BBF28C8832000E79AC4 /* ProductInformationTextField.swift */; };
		06180BC228C8834B00E79AC4 /* ProductUpdateView.swift in Sources */ = {isa = PBXBuildFile; fileRef = 06180BC128C8834B00E79AC4 /* ProductUpdateView.swift */; };
		06180BC628C8919B00E79AC4 /* ProductCreateView.swift in Sources */ = {isa = PBXBuildFile; fileRef = 06180BC528C8919B00E79AC4 /* ProductCreateView.swift */; };
		06180BC828C89FCA00E79AC4 /* Payment.swift in Sources */ = {isa = PBXBuildFile; fileRef = 06180BC728C89FCA00E79AC4 /* Payment.swift */; };
		06180BCB28C8BB1400E79AC4 /* SelectPaymentListView.swift in Sources */ = {isa = PBXBuildFile; fileRef = 06180BCA28C8BB1400E79AC4 /* SelectPaymentListView.swift */; };
		06180BCD28C8BB7300E79AC4 /* PaymentController.swift in Sources */ = {isa = PBXBuildFile; fileRef = 06180BCC28C8BB7300E79AC4 /* PaymentController.swift */; };
		06180BD128C8BE9200E79AC4 /* PaymentTileView.swift in Sources */ = {isa = PBXBuildFile; fileRef = 06180BD028C8BE9200E79AC4 /* PaymentTileView.swift */; };
		06180BD328C8C1CC00E79AC4 /* PaymentManager.swift in Sources */ = {isa = PBXBuildFile; fileRef = 06180BD228C8C1CC00E79AC4 /* PaymentManager.swift */; };
		06180BD528C8C80000E79AC4 /* PaymentListView.swift in Sources */ = {isa = PBXBuildFile; fileRef = 06180BD428C8C80000E79AC4 /* PaymentListView.swift */; };
		06180BD728C8C96B00E79AC4 /* PaymentDetailView.swift in Sources */ = {isa = PBXBuildFile; fileRef = 06180BD628C8C96B00E79AC4 /* PaymentDetailView.swift */; };
		06180BD928C8CBB200E79AC4 /* PaymentUpdateView.swift in Sources */ = {isa = PBXBuildFile; fileRef = 06180BD828C8CBB200E79AC4 /* PaymentUpdateView.swift */; };
		06180BDB28C8D02A00E79AC4 /* PaymentCreateView.swift in Sources */ = {isa = PBXBuildFile; fileRef = 06180BDA28C8D02A00E79AC4 /* PaymentCreateView.swift */; };
		06180BDD28C8DE6900E79AC4 /* ClientTest.swift in Sources */ = {isa = PBXBuildFile; fileRef = 06180BDC28C8DE6900E79AC4 /* ClientTest.swift */; };
		06180BDF28C8DE7500E79AC4 /* UserTest.swift in Sources */ = {isa = PBXBuildFile; fileRef = 06180BDE28C8DE7500E79AC4 /* UserTest.swift */; };
		06180BE128C8DE8200E79AC4 /* RevenuesTest.swift in Sources */ = {isa = PBXBuildFile; fileRef = 06180BE028C8DE8200E79AC4 /* RevenuesTest.swift */; };
		06180BE328C8DE8A00E79AC4 /* EstimatesTest.swift in Sources */ = {isa = PBXBuildFile; fileRef = 06180BE228C8DE8A00E79AC4 /* EstimatesTest.swift */; };
		06180BE528C8DE9100E79AC4 /* InvoicesTest.swift in Sources */ = {isa = PBXBuildFile; fileRef = 06180BE428C8DE9100E79AC4 /* InvoicesTest.swift */; };
		06180BE728C8DE9A00E79AC4 /* ProductsTest.swift in Sources */ = {isa = PBXBuildFile; fileRef = 06180BE628C8DE9A00E79AC4 /* ProductsTest.swift */; };
		06180BE928C8DEA400E79AC4 /* PaymentTest.swift in Sources */ = {isa = PBXBuildFile; fileRef = 06180BE828C8DEA400E79AC4 /* PaymentTest.swift */; };
		06180BEC28C8DEF600E79AC4 /* FakeResponseData.swift in Sources */ = {isa = PBXBuildFile; fileRef = 06180BEB28C8DEF600E79AC4 /* FakeResponseData.swift */; };
		06180BEE28C8E62800E79AC4 /* FakeNetworkManager.swift in Sources */ = {isa = PBXBuildFile; fileRef = 06180BED28C8E62800E79AC4 /* FakeNetworkManager.swift */; };
		06180BF128C8E89200E79AC4 /* ClientList.json in Resources */ = {isa = PBXBuildFile; fileRef = 06180BF028C8E89200E79AC4 /* ClientList.json */; };
		06180BF328C8F10600E79AC4 /* Login.json in Resources */ = {isa = PBXBuildFile; fileRef = 06180BF228C8F10600E79AC4 /* Login.json */; };
		06180BF528C8F3A200E79AC4 /* RevenuesAll.json in Resources */ = {isa = PBXBuildFile; fileRef = 06180BF428C8F3A200E79AC4 /* RevenuesAll.json */; };
		06180BF728C8F3F300E79AC4 /* RevenuesYear.json in Resources */ = {isa = PBXBuildFile; fileRef = 06180BF628C8F3F300E79AC4 /* RevenuesYear.json */; };
		06180BF928C8F40600E79AC4 /* RevenuesMonth.json in Resources */ = {isa = PBXBuildFile; fileRef = 06180BF828C8F40600E79AC4 /* RevenuesMonth.json */; };
		06180BFB28C8FBFB00E79AC4 /* EstimatesReference.json in Resources */ = {isa = PBXBuildFile; fileRef = 06180BFA28C8FBFB00E79AC4 /* EstimatesReference.json */; };
		06180BFD28C8FD9E00E79AC4 /* EstimatesLatest.json in Resources */ = {isa = PBXBuildFile; fileRef = 06180BFC28C8FD9E00E79AC4 /* EstimatesLatest.json */; };
		06180BFF28C8FE6600E79AC4 /* EstimatesAll.json in Resources */ = {isa = PBXBuildFile; fileRef = 06180BFE28C8FE6600E79AC4 /* EstimatesAll.json */; };
		06180C0128C8FECE00E79AC4 /* EstimatesDetails.json in Resources */ = {isa = PBXBuildFile; fileRef = 06180C0028C8FECE00E79AC4 /* EstimatesDetails.json */; };
		06180C0328C9030E00E79AC4 /* InvoicesReference.json in Resources */ = {isa = PBXBuildFile; fileRef = 06180C0228C9030E00E79AC4 /* InvoicesReference.json */; };
		06180C0528C904AE00E79AC4 /* InvoicesLatest.json in Resources */ = {isa = PBXBuildFile; fileRef = 06180C0428C904AE00E79AC4 /* InvoicesLatest.json */; };
		06180C0728C9053300E79AC4 /* InvoicesAll.json in Resources */ = {isa = PBXBuildFile; fileRef = 06180C0628C9053300E79AC4 /* InvoicesAll.json */; };
		06180C0928C9068400E79AC4 /* InvoicesDetails.json in Resources */ = {isa = PBXBuildFile; fileRef = 06180C0828C9068400E79AC4 /* InvoicesDetails.json */; };
		0661ABD528BD50CC00E88116 /* GestionApp.swift in Sources */ = {isa = PBXBuildFile; fileRef = 0661ABD428BD50CC00E88116 /* GestionApp.swift */; };
		0661ABDC28BD50CD00E88116 /* Preview Assets.xcassets in Resources */ = {isa = PBXBuildFile; fileRef = 0661ABDB28BD50CD00E88116 /* Preview Assets.xcassets */; };
		066F406A28BE7A6E000718D7 /* SectionTitleCustom.swift in Sources */ = {isa = PBXBuildFile; fileRef = 066F406928BE7A6E000718D7 /* SectionTitleCustom.swift */; };
		066F406C28BE7BA4000718D7 /* RoundedRectangleCustom.swift in Sources */ = {isa = PBXBuildFile; fileRef = 066F406B28BE7BA4000718D7 /* RoundedRectangleCustom.swift */; };
		066F406E28BE7ECA000718D7 /* InfoTile.swift in Sources */ = {isa = PBXBuildFile; fileRef = 066F406D28BE7ECA000718D7 /* InfoTile.swift */; };
		066F407028BEA1C3000718D7 /* TileView.swift in Sources */ = {isa = PBXBuildFile; fileRef = 066F406F28BEA1C3000718D7 /* TileView.swift */; };
		066F407328BF3C92000718D7 /* EstimatePDF.swift in Sources */ = {isa = PBXBuildFile; fileRef = 066F407228BF3C92000718D7 /* EstimatePDF.swift */; };
		06A63AEC28BD51EC009805CB /* Assets.xcassets in Resources */ = {isa = PBXBuildFile; fileRef = 06A63AEB28BD51EC009805CB /* Assets.xcassets */; };
		06A63AF028BD53C0009805CB /* StartView.swift in Sources */ = {isa = PBXBuildFile; fileRef = 06A63AEF28BD53C0009805CB /* StartView.swift */; };
		06A63AF328BD55CB009805CB /* AnyTransition.swift in Sources */ = {isa = PBXBuildFile; fileRef = 06A63AF228BD55CB009805CB /* AnyTransition.swift */; };
		06AA687028C091FC0075B635 /* UserController.swift in Sources */ = {isa = PBXBuildFile; fileRef = 06AA686F28C091FC0075B635 /* UserController.swift */; };
		06AA687228C09D940075B635 /* String.swift in Sources */ = {isa = PBXBuildFile; fileRef = 06AA687128C09D940075B635 /* String.swift */; };
		06AA687428C09E5D0075B635 /* AppController.swift in Sources */ = {isa = PBXBuildFile; fileRef = 06AA687328C09E5D0075B635 /* AppController.swift */; };
		06AA687628C0A9270075B635 /* UserManager.swift in Sources */ = {isa = PBXBuildFile; fileRef = 06AA687528C0A9270075B635 /* UserManager.swift */; };
		06AA687828C0A9DA0075B635 /* User.swift in Sources */ = {isa = PBXBuildFile; fileRef = 06AA687728C0A9DA0075B635 /* User.swift */; };
		06AA687A28C0AC620075B635 /* Position.swift in Sources */ = {isa = PBXBuildFile; fileRef = 06AA687928C0AC620075B635 /* Position.swift */; };
		06AA687C28C0ACCD0075B635 /* Permissions.swift in Sources */ = {isa = PBXBuildFile; fileRef = 06AA687B28C0ACCD0075B635 /* Permissions.swift */; };
		06AA687E28C0AE3C0075B635 /* Notification.swift in Sources */ = {isa = PBXBuildFile; fileRef = 06AA687D28C0AE3C0075B635 /* Notification.swift */; };
		06ACC36428BF4DCC0012166D /* Double.swift in Sources */ = {isa = PBXBuildFile; fileRef = 06ACC36328BF4DCC0012166D /* Double.swift */; };
		06ACC36628BF51510012166D /* TotalSectionLine.swift in Sources */ = {isa = PBXBuildFile; fileRef = 06ACC36528BF51510012166D /* TotalSectionLine.swift */; };
		06ACC36828BF52110012166D /* ClientTile.swift in Sources */ = {isa = PBXBuildFile; fileRef = 06ACC36728BF52110012166D /* ClientTile.swift */; };
		06ACC36A28BF523E0012166D /* PdfHeader.swift in Sources */ = {isa = PBXBuildFile; fileRef = 06ACC36928BF523E0012166D /* PdfHeader.swift */; };
		06ACC36C28BF52640012166D /* DesynticTile.swift in Sources */ = {isa = PBXBuildFile; fileRef = 06ACC36B28BF52640012166D /* DesynticTile.swift */; };
		06ACC36E28BF52800012166D /* TableColumnTitles.swift in Sources */ = {isa = PBXBuildFile; fileRef = 06ACC36D28BF52800012166D /* TableColumnTitles.swift */; };
		06ACC37128BF56B60012166D /* InvoicePDF.swift in Sources */ = {isa = PBXBuildFile; fileRef = 06ACC37028BF56B60012166D /* InvoicePDF.swift */; };
		06ACC37328BF597F0012166D /* InvoiceDetail.swift in Sources */ = {isa = PBXBuildFile; fileRef = 06ACC37228BF597F0012166D /* InvoiceDetail.swift */; };
		06C349B228BDE4E2004D0960 /* StartSubview.swift in Sources */ = {isa = PBXBuildFile; fileRef = 06C349B128BDE4E2004D0960 /* StartSubview.swift */; };
		06C349B528BDE974004D0960 /* ButtonCustom.swift in Sources */ = {isa = PBXBuildFile; fileRef = 06C349B428BDE974004D0960 /* ButtonCustom.swift */; };
		06C349B728BDEF02004D0960 /* LoginView.swift in Sources */ = {isa = PBXBuildFile; fileRef = 06C349B628BDEF02004D0960 /* LoginView.swift */; };
		06C349B928BDEF28004D0960 /* TextFieldCustom.swift in Sources */ = {isa = PBXBuildFile; fileRef = 06C349B828BDEF28004D0960 /* TextFieldCustom.swift */; };
		06C349BB28BDF71E004D0960 /* SignupSubview.swift in Sources */ = {isa = PBXBuildFile; fileRef = 06C349BA28BDF71E004D0960 /* SignupSubview.swift */; };
		06D1A14B28BFAA51002533F5 /* NetworkManager.swift in Sources */ = {isa = PBXBuildFile; fileRef = 06D1A14A28BFAA51002533F5 /* NetworkManager.swift */; };
		06D1A14D28BFAA96002533F5 /* Network.swift in Sources */ = {isa = PBXBuildFile; fileRef = 06D1A14C28BFAA96002533F5 /* Network.swift */; };
		06D1A15028BFB19B002533F5 /* Address.swift in Sources */ = {isa = PBXBuildFile; fileRef = 06D1A14F28BFB19B002533F5 /* Address.swift */; };
		06D1A15228BFB27C002533F5 /* Client.swift in Sources */ = {isa = PBXBuildFile; fileRef = 06D1A15128BFB27C002533F5 /* Client.swift */; };
		06D1A15528BFB2CE002533F5 /* PersonType.swift in Sources */ = {isa = PBXBuildFile; fileRef = 06D1A15428BFB2CE002533F5 /* PersonType.swift */; };
		06D1A15728BFB2F7002533F5 /* Gender.swift in Sources */ = {isa = PBXBuildFile; fileRef = 06D1A15628BFB2F7002533F5 /* Gender.swift */; };
		06D1A15928BFB31D002533F5 /* Estimate.swift in Sources */ = {isa = PBXBuildFile; fileRef = 06D1A15828BFB31D002533F5 /* Estimate.swift */; };
		06D1A15B28BFB392002533F5 /* EstimateStatus.swift in Sources */ = {isa = PBXBuildFile; fileRef = 06D1A15A28BFB392002533F5 /* EstimateStatus.swift */; };
		06D1A15D28BFB49E002533F5 /* Invoice.swift in Sources */ = {isa = PBXBuildFile; fileRef = 06D1A15C28BFB49E002533F5 /* Invoice.swift */; };
		06D1A15F28BFB4B9002533F5 /* Product.swift in Sources */ = {isa = PBXBuildFile; fileRef = 06D1A15E28BFB4B9002533F5 /* Product.swift */; };
		06D1A16128BFB4DB002533F5 /* InvoiceStatus.swift in Sources */ = {isa = PBXBuildFile; fileRef = 06D1A16028BFB4DB002533F5 /* InvoiceStatus.swift */; };
		06D1A16328BFB4F9002533F5 /* Domain.swift in Sources */ = {isa = PBXBuildFile; fileRef = 06D1A16228BFB4F9002533F5 /* Domain.swift */; };
		06D1A16528BFB50A002533F5 /* ProductCategory.swift in Sources */ = {isa = PBXBuildFile; fileRef = 06D1A16428BFB50A002533F5 /* ProductCategory.swift */; };
		06D357EE28C719CA0093C564 /* ClientListView.swift in Sources */ = {isa = PBXBuildFile; fileRef = 06D357ED28C719CA0093C564 /* ClientListView.swift */; };
		06D357F028C719EC0093C564 /* ClientManager.swift in Sources */ = {isa = PBXBuildFile; fileRef = 06D357EF28C719EC0093C564 /* ClientManager.swift */; };
		06D357F228C71B4E0093C564 /* ClientController.swift in Sources */ = {isa = PBXBuildFile; fileRef = 06D357F128C71B4E0093C564 /* ClientController.swift */; };
		06D357F428C720980093C564 /* ClientTileView.swift in Sources */ = {isa = PBXBuildFile; fileRef = 06D357F328C720980093C564 /* ClientTileView.swift */; };
		06D357F628C722DA0093C564 /* ClientListSelectingView.swift in Sources */ = {isa = PBXBuildFile; fileRef = 06D357F528C722DA0093C564 /* ClientListSelectingView.swift */; };
		06D357F828C7260C0093C564 /* ClientDetailsView.swift in Sources */ = {isa = PBXBuildFile; fileRef = 06D357F728C7260C0093C564 /* ClientDetailsView.swift */; };
		06D357FA28C73B470093C564 /* SelectProductView.swift in Sources */ = {isa = PBXBuildFile; fileRef = 06D357F928C73B470093C564 /* SelectProductView.swift */; };
		06D357FC28C73B620093C564 /* ProductsController.swift in Sources */ = {isa = PBXBuildFile; fileRef = 06D357FB28C73B620093C564 /* ProductsController.swift */; };
		06D3580028C741D80093C564 /* ProductTileView.swift in Sources */ = {isa = PBXBuildFile; fileRef = 06D357FF28C741D80093C564 /* ProductTileView.swift */; };
		06D3580228C744540093C564 /* ProductsManager.swift in Sources */ = {isa = PBXBuildFile; fileRef = 06D3580128C744540093C564 /* ProductsManager.swift */; };
		06D3580728C777990093C564 /* AddEstimateView.swift in Sources */ = {isa = PBXBuildFile; fileRef = 06D3580628C777990093C564 /* AddEstimateView.swift */; };
		06D3580928C782A60093C564 /* UpdateEstimateView.swift in Sources */ = {isa = PBXBuildFile; fileRef = 06D3580828C782A60093C564 /* UpdateEstimateView.swift */; };
		06D3580D28C792E10093C564 /* UpdateClientView.swift in Sources */ = {isa = PBXBuildFile; fileRef = 06D3580C28C792E10093C564 /* UpdateClientView.swift */; };
		06D3580F28C793650093C564 /* ClientInformationTextField.swift in Sources */ = {isa = PBXBuildFile; fileRef = 06D3580E28C793650093C564 /* ClientInformationTextField.swift */; };
		06D3581128C7B14C0093C564 /* CreateClient.swift in Sources */ = {isa = PBXBuildFile; fileRef = 06D3581028C7B14C0093C564 /* CreateClient.swift */; };
		06DABF1228BF4A8500BF1ACF /* TableSectionTitle.swift in Sources */ = {isa = PBXBuildFile; fileRef = 06DABF1128BF4A8500BF1ACF /* TableSectionTitle.swift */; };
		06DABF1428BF4BE800BF1ACF /* TableRow.swift in Sources */ = {isa = PBXBuildFile; fileRef = 06DABF1328BF4BE800BF1ACF /* TableRow.swift */; };
		06DF3DE728BF77AE00117C38 /* UpdateInvoiceView.swift in Sources */ = {isa = PBXBuildFile; fileRef = 06DF3DE628BF77AE00117C38 /* UpdateInvoiceView.swift */; };
		06DF3DE928BF7AFA00117C38 /* ProductListUpdateView.swift in Sources */ = {isa = PBXBuildFile; fileRef = 06DF3DE828BF7AFA00117C38 /* ProductListUpdateView.swift */; };
		06DF3DEB28BF923900117C38 /* AddInvoiceView.swift in Sources */ = {isa = PBXBuildFile; fileRef = 06DF3DEA28BF923900117C38 /* AddInvoiceView.swift */; };
		06EFE67428BE2A980052BEA0 /* AppView.swift in Sources */ = {isa = PBXBuildFile; fileRef = 06EFE67328BE2A980052BEA0 /* AppView.swift */; };
		06EFE67728BE2C550052BEA0 /* SettingsView.swift in Sources */ = {isa = PBXBuildFile; fileRef = 06EFE67628BE2C550052BEA0 /* SettingsView.swift */; };
		06EFE67A28BE4D0A0052BEA0 /* UserCellView.swift in Sources */ = {isa = PBXBuildFile; fileRef = 06EFE67928BE4D0A0052BEA0 /* UserCellView.swift */; };
		06EFE67C28BE4D8E0052BEA0 /* EstimatesView.swift in Sources */ = {isa = PBXBuildFile; fileRef = 06EFE67B28BE4D8E0052BEA0 /* EstimatesView.swift */; };
		06EFE67E28BE4ED80052BEA0 /* InvoicesView.swift in Sources */ = {isa = PBXBuildFile; fileRef = 06EFE67D28BE4ED80052BEA0 /* InvoicesView.swift */; };
		06EFE68028BE4F140052BEA0 /* HomeView.swift in Sources */ = {isa = PBXBuildFile; fileRef = 06EFE67F28BE4F140052BEA0 /* HomeView.swift */; };
		06EFE68228BE581B0052BEA0 /* PieChart.swift in Sources */ = {isa = PBXBuildFile; fileRef = 06EFE68128BE581B0052BEA0 /* PieChart.swift */; };
		06EFE68428BE59830052BEA0 /* PieSlideChart.swift in Sources */ = {isa = PBXBuildFile; fileRef = 06EFE68328BE59830052BEA0 /* PieSlideChart.swift */; };
		06F5C17028C0B73300B3F37A /* LoadingInProgressView.swift in Sources */ = {isa = PBXBuildFile; fileRef = 06F5C16F28C0B73300B3F37A /* LoadingInProgressView.swift */; };
		06F5C17228C0B75E00B3F37A /* CircularSpinnerView.swift in Sources */ = {isa = PBXBuildFile; fileRef = 06F5C17128C0B75E00B3F37A /* CircularSpinnerView.swift */; };
		06F5C17428C0CE6F00B3F37A /* RevenuesController.swift in Sources */ = {isa = PBXBuildFile; fileRef = 06F5C17328C0CE6F00B3F37A /* RevenuesController.swift */; };
		06F5C17628C0D0BF00B3F37A /* Revenues.swift in Sources */ = {isa = PBXBuildFile; fileRef = 06F5C17528C0D0BF00B3F37A /* Revenues.swift */; };
		06F5C17828C0D25E00B3F37A /* RevenuesManager.swift in Sources */ = {isa = PBXBuildFile; fileRef = 06F5C17728C0D25E00B3F37A /* RevenuesManager.swift */; };
		06F5C17A28C0EA9900B3F37A /* EstimatesManager.swift in Sources */ = {isa = PBXBuildFile; fileRef = 06F5C17928C0EA9900B3F37A /* EstimatesManager.swift */; };
		06F5C17C28C0EFA900B3F37A /* EstimatesController.swift in Sources */ = {isa = PBXBuildFile; fileRef = 06F5C17B28C0EFA900B3F37A /* EstimatesController.swift */; };
		06F5C17E28C114A800B3F37A /* InvoicesController.swift in Sources */ = {isa = PBXBuildFile; fileRef = 06F5C17D28C114A800B3F37A /* InvoicesController.swift */; };
		06F5C18028C114F300B3F37A /* InvoicesManager.swift in Sources */ = {isa = PBXBuildFile; fileRef = 06F5C17F28C114F300B3F37A /* InvoicesManager.swift */; };
		06F5C18228C1177300B3F37A /* InvoiceTileView.swift in Sources */ = {isa = PBXBuildFile; fileRef = 06F5C18128C1177300B3F37A /* InvoiceTileView.swift */; };
		06F5C18428C1FF9000B3F37A /* InvoiceListTileView.swift in Sources */ = {isa = PBXBuildFile; fileRef = 06F5C18328C1FF9000B3F37A /* InvoiceListTileView.swift */; };
		06F5C18628C2274A00B3F37A /* EstimateListTileView.swift in Sources */ = {isa = PBXBuildFile; fileRef = 06F5C18528C2274A00B3F37A /* EstimateListTileView.swift */; };
		06F5C18828C23A6600B3F37A /* EstimateDetail.swift in Sources */ = {isa = PBXBuildFile; fileRef = 06F5C18728C23A6600B3F37A /* EstimateDetail.swift */; };
		06F5C18B28C23C6800B3F37A /* Alamofire in Frameworks */ = {isa = PBXBuildFile; productRef = 06F5C18A28C23C6800B3F37A /* Alamofire */; };
		06FAE27E28C87BBB0058DCE5 /* ProductListView.swift in Sources */ = {isa = PBXBuildFile; fileRef = 06FAE27D28C87BBB0058DCE5 /* ProductListView.swift */; };
		06FAE28028C880520058DCE5 /* ProductDetailsView.swift in Sources */ = {isa = PBXBuildFile; fileRef = 06FAE27F28C880520058DCE5 /* ProductDetailsView.swift */; };
/* End PBXBuildFile section */

/* Begin PBXContainerItemProxy section */
		0661ABE228BD50CD00E88116 /* PBXContainerItemProxy */ = {
			isa = PBXContainerItemProxy;
			containerPortal = 0661ABC928BD50CC00E88116 /* Project object */;
			proxyType = 1;
			remoteGlobalIDString = 0661ABD028BD50CC00E88116;
			remoteInfo = Gestion;
		};
/* End PBXContainerItemProxy section */

/* Begin PBXFileReference section */
		06180BBF28C8832000E79AC4 /* ProductInformationTextField.swift */ = {isa = PBXFileReference; lastKnownFileType = sourcecode.swift; path = ProductInformationTextField.swift; sourceTree = "<group>"; };
		06180BC128C8834B00E79AC4 /* ProductUpdateView.swift */ = {isa = PBXFileReference; lastKnownFileType = sourcecode.swift; path = ProductUpdateView.swift; sourceTree = "<group>"; };
		06180BC528C8919B00E79AC4 /* ProductCreateView.swift */ = {isa = PBXFileReference; lastKnownFileType = sourcecode.swift; path = ProductCreateView.swift; sourceTree = "<group>"; };
		06180BC728C89FCA00E79AC4 /* Payment.swift */ = {isa = PBXFileReference; lastKnownFileType = sourcecode.swift; path = Payment.swift; sourceTree = "<group>"; };
		06180BCA28C8BB1400E79AC4 /* SelectPaymentListView.swift */ = {isa = PBXFileReference; lastKnownFileType = sourcecode.swift; path = SelectPaymentListView.swift; sourceTree = "<group>"; };
		06180BCC28C8BB7300E79AC4 /* PaymentController.swift */ = {isa = PBXFileReference; lastKnownFileType = sourcecode.swift; path = PaymentController.swift; sourceTree = "<group>"; };
		06180BD028C8BE9200E79AC4 /* PaymentTileView.swift */ = {isa = PBXFileReference; lastKnownFileType = sourcecode.swift; path = PaymentTileView.swift; sourceTree = "<group>"; };
		06180BD228C8C1CC00E79AC4 /* PaymentManager.swift */ = {isa = PBXFileReference; lastKnownFileType = sourcecode.swift; path = PaymentManager.swift; sourceTree = "<group>"; };
		06180BD428C8C80000E79AC4 /* PaymentListView.swift */ = {isa = PBXFileReference; lastKnownFileType = sourcecode.swift; path = PaymentListView.swift; sourceTree = "<group>"; };
		06180BD628C8C96B00E79AC4 /* PaymentDetailView.swift */ = {isa = PBXFileReference; lastKnownFileType = sourcecode.swift; path = PaymentDetailView.swift; sourceTree = "<group>"; };
		06180BD828C8CBB200E79AC4 /* PaymentUpdateView.swift */ = {isa = PBXFileReference; lastKnownFileType = sourcecode.swift; path = PaymentUpdateView.swift; sourceTree = "<group>"; };
		06180BDA28C8D02A00E79AC4 /* PaymentCreateView.swift */ = {isa = PBXFileReference; lastKnownFileType = sourcecode.swift; path = PaymentCreateView.swift; sourceTree = "<group>"; };
		06180BDC28C8DE6900E79AC4 /* ClientTest.swift */ = {isa = PBXFileReference; lastKnownFileType = sourcecode.swift; path = ClientTest.swift; sourceTree = "<group>"; };
		06180BDE28C8DE7500E79AC4 /* UserTest.swift */ = {isa = PBXFileReference; lastKnownFileType = sourcecode.swift; path = UserTest.swift; sourceTree = "<group>"; };
		06180BE028C8DE8200E79AC4 /* RevenuesTest.swift */ = {isa = PBXFileReference; lastKnownFileType = sourcecode.swift; path = RevenuesTest.swift; sourceTree = "<group>"; };
		06180BE228C8DE8A00E79AC4 /* EstimatesTest.swift */ = {isa = PBXFileReference; lastKnownFileType = sourcecode.swift; path = EstimatesTest.swift; sourceTree = "<group>"; };
		06180BE428C8DE9100E79AC4 /* InvoicesTest.swift */ = {isa = PBXFileReference; lastKnownFileType = sourcecode.swift; path = InvoicesTest.swift; sourceTree = "<group>"; };
		06180BE628C8DE9A00E79AC4 /* ProductsTest.swift */ = {isa = PBXFileReference; lastKnownFileType = sourcecode.swift; path = ProductsTest.swift; sourceTree = "<group>"; };
		06180BE828C8DEA400E79AC4 /* PaymentTest.swift */ = {isa = PBXFileReference; lastKnownFileType = sourcecode.swift; path = PaymentTest.swift; sourceTree = "<group>"; };
		06180BEB28C8DEF600E79AC4 /* FakeResponseData.swift */ = {isa = PBXFileReference; lastKnownFileType = sourcecode.swift; path = FakeResponseData.swift; sourceTree = "<group>"; };
		06180BED28C8E62800E79AC4 /* FakeNetworkManager.swift */ = {isa = PBXFileReference; lastKnownFileType = sourcecode.swift; path = FakeNetworkManager.swift; sourceTree = "<group>"; };
		06180BF028C8E89200E79AC4 /* ClientList.json */ = {isa = PBXFileReference; lastKnownFileType = text.json; path = ClientList.json; sourceTree = "<group>"; };
		06180BF228C8F10600E79AC4 /* Login.json */ = {isa = PBXFileReference; lastKnownFileType = text.json; path = Login.json; sourceTree = "<group>"; };
		06180BF428C8F3A200E79AC4 /* RevenuesAll.json */ = {isa = PBXFileReference; lastKnownFileType = text.json; path = RevenuesAll.json; sourceTree = "<group>"; };
		06180BF628C8F3F300E79AC4 /* RevenuesYear.json */ = {isa = PBXFileReference; lastKnownFileType = text.json; path = RevenuesYear.json; sourceTree = "<group>"; };
		06180BF828C8F40600E79AC4 /* RevenuesMonth.json */ = {isa = PBXFileReference; lastKnownFileType = text.json; path = RevenuesMonth.json; sourceTree = "<group>"; };
		06180BFA28C8FBFB00E79AC4 /* EstimatesReference.json */ = {isa = PBXFileReference; lastKnownFileType = text.json; path = EstimatesReference.json; sourceTree = "<group>"; };
		06180BFC28C8FD9E00E79AC4 /* EstimatesLatest.json */ = {isa = PBXFileReference; lastKnownFileType = text.json; path = EstimatesLatest.json; sourceTree = "<group>"; };
		06180BFE28C8FE6600E79AC4 /* EstimatesAll.json */ = {isa = PBXFileReference; lastKnownFileType = text.json; path = EstimatesAll.json; sourceTree = "<group>"; };
		06180C0028C8FECE00E79AC4 /* EstimatesDetails.json */ = {isa = PBXFileReference; lastKnownFileType = text.json; path = EstimatesDetails.json; sourceTree = "<group>"; };
		06180C0228C9030E00E79AC4 /* InvoicesReference.json */ = {isa = PBXFileReference; lastKnownFileType = text.json; path = InvoicesReference.json; sourceTree = "<group>"; };
		06180C0428C904AE00E79AC4 /* InvoicesLatest.json */ = {isa = PBXFileReference; lastKnownFileType = text.json; path = InvoicesLatest.json; sourceTree = "<group>"; };
		06180C0628C9053300E79AC4 /* InvoicesAll.json */ = {isa = PBXFileReference; lastKnownFileType = text.json; path = InvoicesAll.json; sourceTree = "<group>"; };
		06180C0828C9068400E79AC4 /* InvoicesDetails.json */ = {isa = PBXFileReference; lastKnownFileType = text.json; path = InvoicesDetails.json; sourceTree = "<group>"; };
		0661ABD128BD50CC00E88116 /* Gestion.app */ = {isa = PBXFileReference; explicitFileType = wrapper.application; includeInIndex = 0; path = Gestion.app; sourceTree = BUILT_PRODUCTS_DIR; };
		0661ABD428BD50CC00E88116 /* GestionApp.swift */ = {isa = PBXFileReference; lastKnownFileType = sourcecode.swift; path = GestionApp.swift; sourceTree = "<group>"; };
		0661ABDB28BD50CD00E88116 /* Preview Assets.xcassets */ = {isa = PBXFileReference; lastKnownFileType = folder.assetcatalog; path = "Preview Assets.xcassets"; sourceTree = "<group>"; };
		0661ABE128BD50CD00E88116 /* GestionTests.xctest */ = {isa = PBXFileReference; explicitFileType = wrapper.cfbundle; includeInIndex = 0; path = GestionTests.xctest; sourceTree = BUILT_PRODUCTS_DIR; };
		066F406928BE7A6E000718D7 /* SectionTitleCustom.swift */ = {isa = PBXFileReference; lastKnownFileType = sourcecode.swift; path = SectionTitleCustom.swift; sourceTree = "<group>"; };
		066F406B28BE7BA4000718D7 /* RoundedRectangleCustom.swift */ = {isa = PBXFileReference; lastKnownFileType = sourcecode.swift; path = RoundedRectangleCustom.swift; sourceTree = "<group>"; };
		066F406D28BE7ECA000718D7 /* InfoTile.swift */ = {isa = PBXFileReference; lastKnownFileType = sourcecode.swift; path = InfoTile.swift; sourceTree = "<group>"; };
		066F406F28BEA1C3000718D7 /* TileView.swift */ = {isa = PBXFileReference; lastKnownFileType = sourcecode.swift; path = TileView.swift; sourceTree = "<group>"; };
		066F407228BF3C92000718D7 /* EstimatePDF.swift */ = {isa = PBXFileReference; lastKnownFileType = sourcecode.swift; path = EstimatePDF.swift; sourceTree = "<group>"; };
		06A63AEB28BD51EC009805CB /* Assets.xcassets */ = {isa = PBXFileReference; lastKnownFileType = folder.assetcatalog; path = Assets.xcassets; sourceTree = "<group>"; };
		06A63AEF28BD53C0009805CB /* StartView.swift */ = {isa = PBXFileReference; lastKnownFileType = sourcecode.swift; path = StartView.swift; sourceTree = "<group>"; };
		06A63AF228BD55CB009805CB /* AnyTransition.swift */ = {isa = PBXFileReference; lastKnownFileType = sourcecode.swift; path = AnyTransition.swift; sourceTree = "<group>"; };
		06AA686F28C091FC0075B635 /* UserController.swift */ = {isa = PBXFileReference; lastKnownFileType = sourcecode.swift; path = UserController.swift; sourceTree = "<group>"; };
		06AA687128C09D940075B635 /* String.swift */ = {isa = PBXFileReference; lastKnownFileType = sourcecode.swift; path = String.swift; sourceTree = "<group>"; };
		06AA687328C09E5D0075B635 /* AppController.swift */ = {isa = PBXFileReference; lastKnownFileType = sourcecode.swift; path = AppController.swift; sourceTree = "<group>"; };
		06AA687528C0A9270075B635 /* UserManager.swift */ = {isa = PBXFileReference; lastKnownFileType = sourcecode.swift; path = UserManager.swift; sourceTree = "<group>"; };
		06AA687728C0A9DA0075B635 /* User.swift */ = {isa = PBXFileReference; lastKnownFileType = sourcecode.swift; path = User.swift; sourceTree = "<group>"; };
		06AA687928C0AC620075B635 /* Position.swift */ = {isa = PBXFileReference; lastKnownFileType = sourcecode.swift; path = Position.swift; sourceTree = "<group>"; };
		06AA687B28C0ACCD0075B635 /* Permissions.swift */ = {isa = PBXFileReference; lastKnownFileType = sourcecode.swift; path = Permissions.swift; sourceTree = "<group>"; };
		06AA687D28C0AE3C0075B635 /* Notification.swift */ = {isa = PBXFileReference; lastKnownFileType = sourcecode.swift; path = Notification.swift; sourceTree = "<group>"; };
		06AA687F28C0B4C40075B635 /* Info.plist */ = {isa = PBXFileReference; lastKnownFileType = text.plist; path = Info.plist; sourceTree = "<group>"; };
		06ACC36328BF4DCC0012166D /* Double.swift */ = {isa = PBXFileReference; lastKnownFileType = sourcecode.swift; path = Double.swift; sourceTree = "<group>"; };
		06ACC36528BF51510012166D /* TotalSectionLine.swift */ = {isa = PBXFileReference; lastKnownFileType = sourcecode.swift; path = TotalSectionLine.swift; sourceTree = "<group>"; };
		06ACC36728BF52110012166D /* ClientTile.swift */ = {isa = PBXFileReference; lastKnownFileType = sourcecode.swift; path = ClientTile.swift; sourceTree = "<group>"; };
		06ACC36928BF523E0012166D /* PdfHeader.swift */ = {isa = PBXFileReference; lastKnownFileType = sourcecode.swift; path = PdfHeader.swift; sourceTree = "<group>"; };
		06ACC36B28BF52640012166D /* DesynticTile.swift */ = {isa = PBXFileReference; lastKnownFileType = sourcecode.swift; path = DesynticTile.swift; sourceTree = "<group>"; };
		06ACC36D28BF52800012166D /* TableColumnTitles.swift */ = {isa = PBXFileReference; lastKnownFileType = sourcecode.swift; path = TableColumnTitles.swift; sourceTree = "<group>"; };
		06ACC37028BF56B60012166D /* InvoicePDF.swift */ = {isa = PBXFileReference; lastKnownFileType = sourcecode.swift; path = InvoicePDF.swift; sourceTree = "<group>"; };
		06ACC37228BF597F0012166D /* InvoiceDetail.swift */ = {isa = PBXFileReference; lastKnownFileType = sourcecode.swift; path = InvoiceDetail.swift; sourceTree = "<group>"; };
		06C349B128BDE4E2004D0960 /* StartSubview.swift */ = {isa = PBXFileReference; lastKnownFileType = sourcecode.swift; path = StartSubview.swift; sourceTree = "<group>"; };
		06C349B428BDE974004D0960 /* ButtonCustom.swift */ = {isa = PBXFileReference; lastKnownFileType = sourcecode.swift; path = ButtonCustom.swift; sourceTree = "<group>"; };
		06C349B628BDEF02004D0960 /* LoginView.swift */ = {isa = PBXFileReference; lastKnownFileType = sourcecode.swift; path = LoginView.swift; sourceTree = "<group>"; };
		06C349B828BDEF28004D0960 /* TextFieldCustom.swift */ = {isa = PBXFileReference; lastKnownFileType = sourcecode.swift; path = TextFieldCustom.swift; sourceTree = "<group>"; };
		06C349BA28BDF71E004D0960 /* SignupSubview.swift */ = {isa = PBXFileReference; lastKnownFileType = sourcecode.swift; path = SignupSubview.swift; sourceTree = "<group>"; };
		06D1A14A28BFAA51002533F5 /* NetworkManager.swift */ = {isa = PBXFileReference; lastKnownFileType = sourcecode.swift; path = NetworkManager.swift; sourceTree = "<group>"; };
		06D1A14C28BFAA96002533F5 /* Network.swift */ = {isa = PBXFileReference; lastKnownFileType = sourcecode.swift; path = Network.swift; sourceTree = "<group>"; };
		06D1A14F28BFB19B002533F5 /* Address.swift */ = {isa = PBXFileReference; lastKnownFileType = sourcecode.swift; path = Address.swift; sourceTree = "<group>"; };
		06D1A15128BFB27C002533F5 /* Client.swift */ = {isa = PBXFileReference; lastKnownFileType = sourcecode.swift; path = Client.swift; sourceTree = "<group>"; };
		06D1A15428BFB2CE002533F5 /* PersonType.swift */ = {isa = PBXFileReference; lastKnownFileType = sourcecode.swift; path = PersonType.swift; sourceTree = "<group>"; };
		06D1A15628BFB2F7002533F5 /* Gender.swift */ = {isa = PBXFileReference; lastKnownFileType = sourcecode.swift; path = Gender.swift; sourceTree = "<group>"; };
		06D1A15828BFB31D002533F5 /* Estimate.swift */ = {isa = PBXFileReference; lastKnownFileType = sourcecode.swift; path = Estimate.swift; sourceTree = "<group>"; };
		06D1A15A28BFB392002533F5 /* EstimateStatus.swift */ = {isa = PBXFileReference; lastKnownFileType = sourcecode.swift; path = EstimateStatus.swift; sourceTree = "<group>"; };
		06D1A15C28BFB49E002533F5 /* Invoice.swift */ = {isa = PBXFileReference; lastKnownFileType = sourcecode.swift; path = Invoice.swift; sourceTree = "<group>"; };
		06D1A15E28BFB4B9002533F5 /* Product.swift */ = {isa = PBXFileReference; lastKnownFileType = sourcecode.swift; path = Product.swift; sourceTree = "<group>"; };
		06D1A16028BFB4DB002533F5 /* InvoiceStatus.swift */ = {isa = PBXFileReference; lastKnownFileType = sourcecode.swift; path = InvoiceStatus.swift; sourceTree = "<group>"; };
		06D1A16228BFB4F9002533F5 /* Domain.swift */ = {isa = PBXFileReference; lastKnownFileType = sourcecode.swift; path = Domain.swift; sourceTree = "<group>"; };
		06D1A16428BFB50A002533F5 /* ProductCategory.swift */ = {isa = PBXFileReference; lastKnownFileType = sourcecode.swift; path = ProductCategory.swift; sourceTree = "<group>"; };
		06D357ED28C719CA0093C564 /* ClientListView.swift */ = {isa = PBXFileReference; lastKnownFileType = sourcecode.swift; path = ClientListView.swift; sourceTree = "<group>"; };
		06D357EF28C719EC0093C564 /* ClientManager.swift */ = {isa = PBXFileReference; lastKnownFileType = sourcecode.swift; path = ClientManager.swift; sourceTree = "<group>"; };
		06D357F128C71B4E0093C564 /* ClientController.swift */ = {isa = PBXFileReference; lastKnownFileType = sourcecode.swift; path = ClientController.swift; sourceTree = "<group>"; };
		06D357F328C720980093C564 /* ClientTileView.swift */ = {isa = PBXFileReference; lastKnownFileType = sourcecode.swift; path = ClientTileView.swift; sourceTree = "<group>"; };
		06D357F528C722DA0093C564 /* ClientListSelectingView.swift */ = {isa = PBXFileReference; lastKnownFileType = sourcecode.swift; path = ClientListSelectingView.swift; sourceTree = "<group>"; };
		06D357F728C7260C0093C564 /* ClientDetailsView.swift */ = {isa = PBXFileReference; lastKnownFileType = sourcecode.swift; path = ClientDetailsView.swift; sourceTree = "<group>"; };
		06D357F928C73B470093C564 /* SelectProductView.swift */ = {isa = PBXFileReference; lastKnownFileType = sourcecode.swift; path = SelectProductView.swift; sourceTree = "<group>"; };
		06D357FB28C73B620093C564 /* ProductsController.swift */ = {isa = PBXFileReference; lastKnownFileType = sourcecode.swift; path = ProductsController.swift; sourceTree = "<group>"; };
		06D357FF28C741D80093C564 /* ProductTileView.swift */ = {isa = PBXFileReference; lastKnownFileType = sourcecode.swift; path = ProductTileView.swift; sourceTree = "<group>"; };
		06D3580128C744540093C564 /* ProductsManager.swift */ = {isa = PBXFileReference; lastKnownFileType = sourcecode.swift; path = ProductsManager.swift; sourceTree = "<group>"; };
		06D3580628C777990093C564 /* AddEstimateView.swift */ = {isa = PBXFileReference; lastKnownFileType = sourcecode.swift; path = AddEstimateView.swift; sourceTree = "<group>"; };
		06D3580828C782A60093C564 /* UpdateEstimateView.swift */ = {isa = PBXFileReference; lastKnownFileType = sourcecode.swift; path = UpdateEstimateView.swift; sourceTree = "<group>"; };
		06D3580C28C792E10093C564 /* UpdateClientView.swift */ = {isa = PBXFileReference; lastKnownFileType = sourcecode.swift; path = UpdateClientView.swift; sourceTree = "<group>"; };
		06D3580E28C793650093C564 /* ClientInformationTextField.swift */ = {isa = PBXFileReference; lastKnownFileType = sourcecode.swift; path = ClientInformationTextField.swift; sourceTree = "<group>"; };
		06D3581028C7B14C0093C564 /* CreateClient.swift */ = {isa = PBXFileReference; lastKnownFileType = sourcecode.swift; path = CreateClient.swift; sourceTree = "<group>"; };
		06DABF1128BF4A8500BF1ACF /* TableSectionTitle.swift */ = {isa = PBXFileReference; lastKnownFileType = sourcecode.swift; path = TableSectionTitle.swift; sourceTree = "<group>"; };
		06DABF1328BF4BE800BF1ACF /* TableRow.swift */ = {isa = PBXFileReference; lastKnownFileType = sourcecode.swift; path = TableRow.swift; sourceTree = "<group>"; };
		06DF3DE628BF77AE00117C38 /* UpdateInvoiceView.swift */ = {isa = PBXFileReference; lastKnownFileType = sourcecode.swift; path = UpdateInvoiceView.swift; sourceTree = "<group>"; };
		06DF3DE828BF7AFA00117C38 /* ProductListUpdateView.swift */ = {isa = PBXFileReference; lastKnownFileType = sourcecode.swift; path = ProductListUpdateView.swift; sourceTree = "<group>"; };
		06DF3DEA28BF923900117C38 /* AddInvoiceView.swift */ = {isa = PBXFileReference; lastKnownFileType = sourcecode.swift; path = AddInvoiceView.swift; sourceTree = "<group>"; };
		06EFE67328BE2A980052BEA0 /* AppView.swift */ = {isa = PBXFileReference; lastKnownFileType = sourcecode.swift; path = AppView.swift; sourceTree = "<group>"; };
		06EFE67628BE2C550052BEA0 /* SettingsView.swift */ = {isa = PBXFileReference; lastKnownFileType = sourcecode.swift; path = SettingsView.swift; sourceTree = "<group>"; };
		06EFE67928BE4D0A0052BEA0 /* UserCellView.swift */ = {isa = PBXFileReference; lastKnownFileType = sourcecode.swift; path = UserCellView.swift; sourceTree = "<group>"; };
		06EFE67B28BE4D8E0052BEA0 /* EstimatesView.swift */ = {isa = PBXFileReference; lastKnownFileType = sourcecode.swift; path = EstimatesView.swift; sourceTree = "<group>"; };
		06EFE67D28BE4ED80052BEA0 /* InvoicesView.swift */ = {isa = PBXFileReference; lastKnownFileType = sourcecode.swift; path = InvoicesView.swift; sourceTree = "<group>"; };
		06EFE67F28BE4F140052BEA0 /* HomeView.swift */ = {isa = PBXFileReference; lastKnownFileType = sourcecode.swift; path = HomeView.swift; sourceTree = "<group>"; };
		06EFE68128BE581B0052BEA0 /* PieChart.swift */ = {isa = PBXFileReference; lastKnownFileType = sourcecode.swift; path = PieChart.swift; sourceTree = "<group>"; };
		06EFE68328BE59830052BEA0 /* PieSlideChart.swift */ = {isa = PBXFileReference; lastKnownFileType = sourcecode.swift; path = PieSlideChart.swift; sourceTree = "<group>"; };
		06F5C16F28C0B73300B3F37A /* LoadingInProgressView.swift */ = {isa = PBXFileReference; lastKnownFileType = sourcecode.swift; path = LoadingInProgressView.swift; sourceTree = "<group>"; };
		06F5C17128C0B75E00B3F37A /* CircularSpinnerView.swift */ = {isa = PBXFileReference; lastKnownFileType = sourcecode.swift; path = CircularSpinnerView.swift; sourceTree = "<group>"; };
		06F5C17328C0CE6F00B3F37A /* RevenuesController.swift */ = {isa = PBXFileReference; lastKnownFileType = sourcecode.swift; path = RevenuesController.swift; sourceTree = "<group>"; };
		06F5C17528C0D0BF00B3F37A /* Revenues.swift */ = {isa = PBXFileReference; lastKnownFileType = sourcecode.swift; path = Revenues.swift; sourceTree = "<group>"; };
		06F5C17728C0D25E00B3F37A /* RevenuesManager.swift */ = {isa = PBXFileReference; lastKnownFileType = sourcecode.swift; path = RevenuesManager.swift; sourceTree = "<group>"; };
		06F5C17928C0EA9900B3F37A /* EstimatesManager.swift */ = {isa = PBXFileReference; lastKnownFileType = sourcecode.swift; path = EstimatesManager.swift; sourceTree = "<group>"; };
		06F5C17B28C0EFA900B3F37A /* EstimatesController.swift */ = {isa = PBXFileReference; lastKnownFileType = sourcecode.swift; path = EstimatesController.swift; sourceTree = "<group>"; };
		06F5C17D28C114A800B3F37A /* InvoicesController.swift */ = {isa = PBXFileReference; lastKnownFileType = sourcecode.swift; path = InvoicesController.swift; sourceTree = "<group>"; };
		06F5C17F28C114F300B3F37A /* InvoicesManager.swift */ = {isa = PBXFileReference; lastKnownFileType = sourcecode.swift; path = InvoicesManager.swift; sourceTree = "<group>"; };
		06F5C18128C1177300B3F37A /* InvoiceTileView.swift */ = {isa = PBXFileReference; lastKnownFileType = sourcecode.swift; path = InvoiceTileView.swift; sourceTree = "<group>"; };
		06F5C18328C1FF9000B3F37A /* InvoiceListTileView.swift */ = {isa = PBXFileReference; lastKnownFileType = sourcecode.swift; path = InvoiceListTileView.swift; sourceTree = "<group>"; };
		06F5C18528C2274A00B3F37A /* EstimateListTileView.swift */ = {isa = PBXFileReference; lastKnownFileType = sourcecode.swift; path = EstimateListTileView.swift; sourceTree = "<group>"; };
		06F5C18728C23A6600B3F37A /* EstimateDetail.swift */ = {isa = PBXFileReference; lastKnownFileType = sourcecode.swift; path = EstimateDetail.swift; sourceTree = "<group>"; };
		06FAE27D28C87BBB0058DCE5 /* ProductListView.swift */ = {isa = PBXFileReference; lastKnownFileType = sourcecode.swift; path = ProductListView.swift; sourceTree = "<group>"; };
		06FAE27F28C880520058DCE5 /* ProductDetailsView.swift */ = {isa = PBXFileReference; lastKnownFileType = sourcecode.swift; path = ProductDetailsView.swift; sourceTree = "<group>"; };
/* End PBXFileReference section */

/* Begin PBXFrameworksBuildPhase section */
		0661ABCE28BD50CC00E88116 /* Frameworks */ = {
			isa = PBXFrameworksBuildPhase;
			buildActionMask = 2147483647;
			files = (
				06F5C18B28C23C6800B3F37A /* Alamofire in Frameworks */,
			);
			runOnlyForDeploymentPostprocessing = 0;
		};
		0661ABDE28BD50CD00E88116 /* Frameworks */ = {
			isa = PBXFrameworksBuildPhase;
			buildActionMask = 2147483647;
			files = (
			);
			runOnlyForDeploymentPostprocessing = 0;
		};
/* End PBXFrameworksBuildPhase section */

/* Begin PBXGroup section */
		06180BC928C8BB0600E79AC4 /* PaymentViews */ = {
			isa = PBXGroup;
			children = (
				06180BCF28C8BE8400E79AC4 /* Payment Components */,
				06180BCA28C8BB1400E79AC4 /* SelectPaymentListView.swift */,
				06180BD428C8C80000E79AC4 /* PaymentListView.swift */,
				06180BD628C8C96B00E79AC4 /* PaymentDetailView.swift */,
				06180BD828C8CBB200E79AC4 /* PaymentUpdateView.swift */,
				06180BDA28C8D02A00E79AC4 /* PaymentCreateView.swift */,
			);
			path = PaymentViews;
			sourceTree = "<group>";
		};
		06180BCF28C8BE8400E79AC4 /* Payment Components */ = {
			isa = PBXGroup;
			children = (
				06180BD028C8BE9200E79AC4 /* PaymentTileView.swift */,
			);
			path = "Payment Components";
			sourceTree = "<group>";
		};
		06180BEA28C8DED100E79AC4 /* Fake Network */ = {
			isa = PBXGroup;
			children = (
				06180BEB28C8DEF600E79AC4 /* FakeResponseData.swift */,
				06180BED28C8E62800E79AC4 /* FakeNetworkManager.swift */,
			);
			path = "Fake Network";
			sourceTree = "<group>";
		};
		06180BEF28C8E87700E79AC4 /* FakeResponses */ = {
			isa = PBXGroup;
			children = (
				06180BF028C8E89200E79AC4 /* ClientList.json */,
				06180BF228C8F10600E79AC4 /* Login.json */,
				06180BF428C8F3A200E79AC4 /* RevenuesAll.json */,
				06180BF628C8F3F300E79AC4 /* RevenuesYear.json */,
				06180BF828C8F40600E79AC4 /* RevenuesMonth.json */,
				06180BFA28C8FBFB00E79AC4 /* EstimatesReference.json */,
				06180BFC28C8FD9E00E79AC4 /* EstimatesLatest.json */,
				06180BFE28C8FE6600E79AC4 /* EstimatesAll.json */,
				06180C0028C8FECE00E79AC4 /* EstimatesDetails.json */,
				06180C0228C9030E00E79AC4 /* InvoicesReference.json */,
				06180C0428C904AE00E79AC4 /* InvoicesLatest.json */,
				06180C0628C9053300E79AC4 /* InvoicesAll.json */,
				06180C0828C9068400E79AC4 /* InvoicesDetails.json */,
			);
			path = FakeResponses;
			sourceTree = "<group>";
		};
		0661ABC828BD50CC00E88116 = {
			isa = PBXGroup;
			children = (
				0661ABD328BD50CC00E88116 /* Gestion */,
				0661ABE428BD50CD00E88116 /* GestionTests */,
				0661ABEE28BD50CD00E88116 /* GestionUITests */,
				0661ABD228BD50CC00E88116 /* Products */,
			);
			sourceTree = "<group>";
		};
		0661ABD228BD50CC00E88116 /* Products */ = {
			isa = PBXGroup;
			children = (
				0661ABD128BD50CC00E88116 /* Gestion.app */,
				0661ABE128BD50CD00E88116 /* GestionTests.xctest */,
			);
			name = Products;
			sourceTree = "<group>";
		};
		0661ABD328BD50CC00E88116 /* Gestion */ = {
			isa = PBXGroup;
			children = (
				06AA687F28C0B4C40075B635 /* Info.plist */,
				06A63AF128BD55B8009805CB /* Extensions */,
				0661AC0128BD517700E88116 /* Supporting Files */,
				0661AC0028BD517200E88116 /* Controller */,
				0661ABFF28BD516E00E88116 /* View */,
				0661ABFE28BD516600E88116 /* Model */,
			);
			path = Gestion;
			sourceTree = "<group>";
		};
		0661ABDA28BD50CD00E88116 /* Preview Content */ = {
			isa = PBXGroup;
			children = (
				0661ABDB28BD50CD00E88116 /* Preview Assets.xcassets */,
			);
			path = "Preview Content";
			sourceTree = "<group>";
		};
		0661ABE428BD50CD00E88116 /* GestionTests */ = {
			isa = PBXGroup;
			children = (
				06180BEF28C8E87700E79AC4 /* FakeResponses */,
				06180BEA28C8DED100E79AC4 /* Fake Network */,
				06180BDC28C8DE6900E79AC4 /* ClientTest.swift */,
				06180BDE28C8DE7500E79AC4 /* UserTest.swift */,
				06180BE028C8DE8200E79AC4 /* RevenuesTest.swift */,
				06180BE228C8DE8A00E79AC4 /* EstimatesTest.swift */,
				06180BE428C8DE9100E79AC4 /* InvoicesTest.swift */,
				06180BE628C8DE9A00E79AC4 /* ProductsTest.swift */,
				06180BE828C8DEA400E79AC4 /* PaymentTest.swift */,
			);
			path = GestionTests;
			sourceTree = "<group>";
		};
		0661ABEE28BD50CD00E88116 /* GestionUITests */ = {
			isa = PBXGroup;
			children = (
			);
			path = GestionUITests;
			sourceTree = "<group>";
		};
		0661ABFE28BD516600E88116 /* Model */ = {
			isa = PBXGroup;
			children = (
				06D1A15328BFB2C1002533F5 /* Enumerations */,
				06D1A14E28BFB189002533F5 /* Codables */,
				06D1A14928BFAA42002533F5 /* Network */,
				06D357EF28C719EC0093C564 /* ClientManager.swift */,
				06AA687528C0A9270075B635 /* UserManager.swift */,
				06F5C17728C0D25E00B3F37A /* RevenuesManager.swift */,
				06F5C17928C0EA9900B3F37A /* EstimatesManager.swift */,
				06F5C17F28C114F300B3F37A /* InvoicesManager.swift */,
				06D3580128C744540093C564 /* ProductsManager.swift */,
				06180BD228C8C1CC00E79AC4 /* PaymentManager.swift */,
			);
			path = Model;
			sourceTree = "<group>";
		};
		0661ABFF28BD516E00E88116 /* View */ = {
			isa = PBXGroup;
			children = (
				06F5C16E28C0B72000B3F37A /* Global Views */,
				06EFE67228BE28000052BEA0 /* App */,
				06C349B328BDE959004D0960 /* Global Components */,
				06C349B028BDE3D7004D0960 /* StartSubviews */,
				06A63AEF28BD53C0009805CB /* StartView.swift */,
			);
			path = View;
			sourceTree = "<group>";
		};
		0661AC0028BD517200E88116 /* Controller */ = {
			isa = PBXGroup;
			children = (
				06AA686F28C091FC0075B635 /* UserController.swift */,
				06AA687328C09E5D0075B635 /* AppController.swift */,
				06F5C17328C0CE6F00B3F37A /* RevenuesController.swift */,
				06F5C17B28C0EFA900B3F37A /* EstimatesController.swift */,
				06F5C17D28C114A800B3F37A /* InvoicesController.swift */,
				06D357F128C71B4E0093C564 /* ClientController.swift */,
				06D357FB28C73B620093C564 /* ProductsController.swift */,
				06180BCC28C8BB7300E79AC4 /* PaymentController.swift */,
			);
			path = Controller;
			sourceTree = "<group>";
		};
		0661AC0128BD517700E88116 /* Supporting Files */ = {
			isa = PBXGroup;
			children = (
				06A63AEB28BD51EC009805CB /* Assets.xcassets */,
				0661ABD428BD50CC00E88116 /* GestionApp.swift */,
				0661ABDA28BD50CD00E88116 /* Preview Content */,
			);
			path = "Supporting Files";
			sourceTree = "<group>";
		};
		066F407128BF3C81000718D7 /* EstimatesSubview */ = {
			isa = PBXGroup;
			children = (
				066F407228BF3C92000718D7 /* EstimatePDF.swift */,
				06F5C18528C2274A00B3F37A /* EstimateListTileView.swift */,
				06F5C18728C23A6600B3F37A /* EstimateDetail.swift */,
				06D3580628C777990093C564 /* AddEstimateView.swift */,
				06D3580828C782A60093C564 /* UpdateEstimateView.swift */,
			);
			path = EstimatesSubview;
			sourceTree = "<group>";
		};
		06A63AF128BD55B8009805CB /* Extensions */ = {
			isa = PBXGroup;
			children = (
				06A63AF228BD55CB009805CB /* AnyTransition.swift */,
				06ACC36328BF4DCC0012166D /* Double.swift */,
				06AA687128C09D940075B635 /* String.swift */,
				06AA687D28C0AE3C0075B635 /* Notification.swift */,
			);
			path = Extensions;
			sourceTree = "<group>";
		};
		06ACC36F28BF56A80012166D /* InvoicesSubview */ = {
			isa = PBXGroup;
			children = (
				06F5C18128C1177300B3F37A /* InvoiceTileView.swift */,
				06ACC37028BF56B60012166D /* InvoicePDF.swift */,
				06ACC37228BF597F0012166D /* InvoiceDetail.swift */,
				06DF3DE628BF77AE00117C38 /* UpdateInvoiceView.swift */,
				06DF3DEA28BF923900117C38 /* AddInvoiceView.swift */,
				06F5C18328C1FF9000B3F37A /* InvoiceListTileView.swift */,
			);
			path = InvoicesSubview;
			sourceTree = "<group>";
		};
		06C349B028BDE3D7004D0960 /* StartSubviews */ = {
			isa = PBXGroup;
			children = (
				06C349B128BDE4E2004D0960 /* StartSubview.swift */,
				06C349B628BDEF02004D0960 /* LoginView.swift */,
				06C349BA28BDF71E004D0960 /* SignupSubview.swift */,
			);
			path = StartSubviews;
			sourceTree = "<group>";
		};
		06C349B328BDE959004D0960 /* Global Components */ = {
			isa = PBXGroup;
			children = (
				06D3580328C75B700093C564 /* PDF Components */,
				06C349B428BDE974004D0960 /* ButtonCustom.swift */,
				06C349B828BDEF28004D0960 /* TextFieldCustom.swift */,
				06EFE68128BE581B0052BEA0 /* PieChart.swift */,
				06EFE68328BE59830052BEA0 /* PieSlideChart.swift */,
				066F406928BE7A6E000718D7 /* SectionTitleCustom.swift */,
				066F406B28BE7BA4000718D7 /* RoundedRectangleCustom.swift */,
				066F406D28BE7ECA000718D7 /* InfoTile.swift */,
				066F406F28BEA1C3000718D7 /* TileView.swift */,
				06DF3DE828BF7AFA00117C38 /* ProductListUpdateView.swift */,
				06F5C17128C0B75E00B3F37A /* CircularSpinnerView.swift */,
			);
			path = "Global Components";
			sourceTree = "<group>";
		};
		06D1A14928BFAA42002533F5 /* Network */ = {
			isa = PBXGroup;
			children = (
				06D1A14A28BFAA51002533F5 /* NetworkManager.swift */,
				06D1A14C28BFAA96002533F5 /* Network.swift */,
			);
			path = Network;
			sourceTree = "<group>";
		};
		06D1A14E28BFB189002533F5 /* Codables */ = {
			isa = PBXGroup;
			children = (
				06D1A14F28BFB19B002533F5 /* Address.swift */,
				06D1A15128BFB27C002533F5 /* Client.swift */,
				06D1A15828BFB31D002533F5 /* Estimate.swift */,
				06D1A15C28BFB49E002533F5 /* Invoice.swift */,
				06D1A15E28BFB4B9002533F5 /* Product.swift */,
				06AA687728C0A9DA0075B635 /* User.swift */,
				06F5C17528C0D0BF00B3F37A /* Revenues.swift */,
				06180BC728C89FCA00E79AC4 /* Payment.swift */,
			);
			path = Codables;
			sourceTree = "<group>";
		};
		06D1A15328BFB2C1002533F5 /* Enumerations */ = {
			isa = PBXGroup;
			children = (
				06D1A15428BFB2CE002533F5 /* PersonType.swift */,
				06D1A15628BFB2F7002533F5 /* Gender.swift */,
				06D1A15A28BFB392002533F5 /* EstimateStatus.swift */,
				06D1A16028BFB4DB002533F5 /* InvoiceStatus.swift */,
				06D1A16228BFB4F9002533F5 /* Domain.swift */,
				06D1A16428BFB50A002533F5 /* ProductCategory.swift */,
				06AA687928C0AC620075B635 /* Position.swift */,
				06AA687B28C0ACCD0075B635 /* Permissions.swift */,
			);
			path = Enumerations;
			sourceTree = "<group>";
		};
		06D3580328C75B700093C564 /* PDF Components */ = {
			isa = PBXGroup;
			children = (
				06DABF1128BF4A8500BF1ACF /* TableSectionTitle.swift */,
				06DABF1328BF4BE800BF1ACF /* TableRow.swift */,
				06ACC36528BF51510012166D /* TotalSectionLine.swift */,
				06ACC36728BF52110012166D /* ClientTile.swift */,
				06ACC36928BF523E0012166D /* PdfHeader.swift */,
				06ACC36B28BF52640012166D /* DesynticTile.swift */,
				06ACC36D28BF52800012166D /* TableColumnTitles.swift */,
			);
			path = "PDF Components";
			sourceTree = "<group>";
		};
		06D3580428C75B840093C564 /* Client Components */ = {
			isa = PBXGroup;
			children = (
				06D357F328C720980093C564 /* ClientTileView.swift */,
				06D357F728C7260C0093C564 /* ClientDetailsView.swift */,
				06D3580E28C793650093C564 /* ClientInformationTextField.swift */,
			);
			path = "Client Components";
			sourceTree = "<group>";
		};
		06D3580528C75B900093C564 /* Product Components */ = {
			isa = PBXGroup;
			children = (
				06D357FF28C741D80093C564 /* ProductTileView.swift */,
				06180BBF28C8832000E79AC4 /* ProductInformationTextField.swift */,
			);
			path = "Product Components";
			sourceTree = "<group>";
		};
		06D3580B28C792640093C564 /* ClientViews */ = {
			isa = PBXGroup;
			children = (
				06D3580428C75B840093C564 /* Client Components */,
				06D357ED28C719CA0093C564 /* ClientListView.swift */,
				06D3580C28C792E10093C564 /* UpdateClientView.swift */,
				06D3581028C7B14C0093C564 /* CreateClient.swift */,
			);
			path = ClientViews;
			sourceTree = "<group>";
		};
		06EFE67228BE28000052BEA0 /* App */ = {
			isa = PBXGroup;
			children = (
				06EFE67528BE2C4B0052BEA0 /* AppPages */,
				06EFE67328BE2A980052BEA0 /* AppView.swift */,
			);
			path = App;
			sourceTree = "<group>";
		};
		06EFE67528BE2C4B0052BEA0 /* AppPages */ = {
			isa = PBXGroup;
			children = (
				06180BC928C8BB0600E79AC4 /* PaymentViews */,
				06FAE27C28C87AC80058DCE5 /* ProductsViews */,
				06D3580B28C792640093C564 /* ClientViews */,
				06ACC36F28BF56A80012166D /* InvoicesSubview */,
				066F407128BF3C81000718D7 /* EstimatesSubview */,
				06EFE67828BE4CFB0052BEA0 /* SettingsSubview */,
				06EFE67628BE2C550052BEA0 /* SettingsView.swift */,
				06EFE67B28BE4D8E0052BEA0 /* EstimatesView.swift */,
				06EFE67D28BE4ED80052BEA0 /* InvoicesView.swift */,
				06EFE67F28BE4F140052BEA0 /* HomeView.swift */,
			);
			path = AppPages;
			sourceTree = "<group>";
		};
		06EFE67828BE4CFB0052BEA0 /* SettingsSubview */ = {
			isa = PBXGroup;
			children = (
				06EFE67928BE4D0A0052BEA0 /* UserCellView.swift */,
			);
			path = SettingsSubview;
			sourceTree = "<group>";
		};
		06F5C16E28C0B72000B3F37A /* Global Views */ = {
			isa = PBXGroup;
			children = (
				06F5C16F28C0B73300B3F37A /* LoadingInProgressView.swift */,
				06D357F528C722DA0093C564 /* ClientListSelectingView.swift */,
				06D357F928C73B470093C564 /* SelectProductView.swift */,
			);
			path = "Global Views";
			sourceTree = "<group>";
		};
		06FAE27C28C87AC80058DCE5 /* ProductsViews */ = {
			isa = PBXGroup;
			children = (
				06D3580528C75B900093C564 /* Product Components */,
				06FAE27D28C87BBB0058DCE5 /* ProductListView.swift */,
				06FAE27F28C880520058DCE5 /* ProductDetailsView.swift */,
				06180BC128C8834B00E79AC4 /* ProductUpdateView.swift */,
				06180BC528C8919B00E79AC4 /* ProductCreateView.swift */,
			);
			path = ProductsViews;
			sourceTree = "<group>";
		};
/* End PBXGroup section */

/* Begin PBXNativeTarget section */
		0661ABD028BD50CC00E88116 /* Gestion */ = {
			isa = PBXNativeTarget;
			buildConfigurationList = 0661ABF528BD50CD00E88116 /* Build configuration list for PBXNativeTarget "Gestion" */;
			buildPhases = (
				0661ABCD28BD50CC00E88116 /* Sources */,
				0661ABCE28BD50CC00E88116 /* Frameworks */,
				0661ABCF28BD50CC00E88116 /* Resources */,
			);
			buildRules = (
			);
			dependencies = (
			);
			name = Gestion;
			packageProductDependencies = (
				06F5C18A28C23C6800B3F37A /* Alamofire */,
			);
			productName = Gestion;
			productReference = 0661ABD128BD50CC00E88116 /* Gestion.app */;
			productType = "com.apple.product-type.application";
		};
		0661ABE028BD50CD00E88116 /* GestionTests */ = {
			isa = PBXNativeTarget;
			buildConfigurationList = 0661ABF828BD50CD00E88116 /* Build configuration list for PBXNativeTarget "GestionTests" */;
			buildPhases = (
				0661ABDD28BD50CD00E88116 /* Sources */,
				0661ABDE28BD50CD00E88116 /* Frameworks */,
				0661ABDF28BD50CD00E88116 /* Resources */,
			);
			buildRules = (
			);
			dependencies = (
				0661ABE328BD50CD00E88116 /* PBXTargetDependency */,
			);
			name = GestionTests;
			productName = GestionTests;
			productReference = 0661ABE128BD50CD00E88116 /* GestionTests.xctest */;
			productType = "com.apple.product-type.bundle.unit-test";
		};
/* End PBXNativeTarget section */

/* Begin PBXProject section */
		0661ABC928BD50CC00E88116 /* Project object */ = {
			isa = PBXProject;
			attributes = {
				BuildIndependentTargetsInParallel = 1;
				LastSwiftUpdateCheck = 1400;
				LastUpgradeCheck = 1400;
				TargetAttributes = {
					0661ABD028BD50CC00E88116 = {
						CreatedOnToolsVersion = 14.0;
					};
					0661ABE028BD50CD00E88116 = {
						CreatedOnToolsVersion = 14.0;
						TestTargetID = 0661ABD028BD50CC00E88116;
					};
				};
			};
			buildConfigurationList = 0661ABCC28BD50CC00E88116 /* Build configuration list for PBXProject "Gestion" */;
			compatibilityVersion = "Xcode 14.0";
			developmentRegion = en;
			hasScannedForEncodings = 0;
			knownRegions = (
				en,
				Base,
			);
			mainGroup = 0661ABC828BD50CC00E88116;
			packageReferences = (
				06F5C18928C23C6800B3F37A /* XCRemoteSwiftPackageReference "Alamofire" */,
			);
			productRefGroup = 0661ABD228BD50CC00E88116 /* Products */;
			projectDirPath = "";
			projectRoot = "";
			targets = (
				0661ABD028BD50CC00E88116 /* Gestion */,
				0661ABE028BD50CD00E88116 /* GestionTests */,
			);
		};
/* End PBXProject section */

/* Begin PBXResourcesBuildPhase section */
		0661ABCF28BD50CC00E88116 /* Resources */ = {
			isa = PBXResourcesBuildPhase;
			buildActionMask = 2147483647;
			files = (
				0661ABDC28BD50CD00E88116 /* Preview Assets.xcassets in Resources */,
				06A63AEC28BD51EC009805CB /* Assets.xcassets in Resources */,
			);
			runOnlyForDeploymentPostprocessing = 0;
		};
		0661ABDF28BD50CD00E88116 /* Resources */ = {
			isa = PBXResourcesBuildPhase;
			buildActionMask = 2147483647;
			files = (
				06180BFB28C8FBFB00E79AC4 /* EstimatesReference.json in Resources */,
				06180C0128C8FECE00E79AC4 /* EstimatesDetails.json in Resources */,
				06180BFF28C8FE6600E79AC4 /* EstimatesAll.json in Resources */,
				06180C0928C9068400E79AC4 /* InvoicesDetails.json in Resources */,
				06180BF528C8F3A200E79AC4 /* RevenuesAll.json in Resources */,
				06180BFD28C8FD9E00E79AC4 /* EstimatesLatest.json in Resources */,
				06180C0728C9053300E79AC4 /* InvoicesAll.json in Resources */,
				06180BF128C8E89200E79AC4 /* ClientList.json in Resources */,
				06180BF328C8F10600E79AC4 /* Login.json in Resources */,
				06180C0328C9030E00E79AC4 /* InvoicesReference.json in Resources */,
				06180BF928C8F40600E79AC4 /* RevenuesMonth.json in Resources */,
				06180BF728C8F3F300E79AC4 /* RevenuesYear.json in Resources */,
				06180C0528C904AE00E79AC4 /* InvoicesLatest.json in Resources */,
			);
			runOnlyForDeploymentPostprocessing = 0;
		};
/* End PBXResourcesBuildPhase section */

/* Begin PBXSourcesBuildPhase section */
		0661ABCD28BD50CC00E88116 /* Sources */ = {
			isa = PBXSourcesBuildPhase;
			buildActionMask = 2147483647;
			files = (
				06180BD328C8C1CC00E79AC4 /* PaymentManager.swift in Sources */,
				06AA687828C0A9DA0075B635 /* User.swift in Sources */,
				06DABF1428BF4BE800BF1ACF /* TableRow.swift in Sources */,
				06ACC36E28BF52800012166D /* TableColumnTitles.swift in Sources */,
				06C349B528BDE974004D0960 /* ButtonCustom.swift in Sources */,
				06F5C17428C0CE6F00B3F37A /* RevenuesController.swift in Sources */,
				06D1A15D28BFB49E002533F5 /* Invoice.swift in Sources */,
				06D1A16128BFB4DB002533F5 /* InvoiceStatus.swift in Sources */,
				06D357F428C720980093C564 /* ClientTileView.swift in Sources */,
				06EFE68028BE4F140052BEA0 /* HomeView.swift in Sources */,
				06D357EE28C719CA0093C564 /* ClientListView.swift in Sources */,
				06D1A15F28BFB4B9002533F5 /* Product.swift in Sources */,
				06C349B728BDEF02004D0960 /* LoginView.swift in Sources */,
				06EFE67428BE2A980052BEA0 /* AppView.swift in Sources */,
				06C349B228BDE4E2004D0960 /* StartSubview.swift in Sources */,
				06F5C18228C1177300B3F37A /* InvoiceTileView.swift in Sources */,
				06D357FC28C73B620093C564 /* ProductsController.swift in Sources */,
				06DABF1228BF4A8500BF1ACF /* TableSectionTitle.swift in Sources */,
				06F5C17C28C0EFA900B3F37A /* EstimatesController.swift in Sources */,
				06F5C17A28C0EA9900B3F37A /* EstimatesManager.swift in Sources */,
				06180BD128C8BE9200E79AC4 /* PaymentTileView.swift in Sources */,
				06EFE67C28BE4D8E0052BEA0 /* EstimatesView.swift in Sources */,
				06180BDB28C8D02A00E79AC4 /* PaymentCreateView.swift in Sources */,
				06ACC36828BF52110012166D /* ClientTile.swift in Sources */,
				06D1A16328BFB4F9002533F5 /* Domain.swift in Sources */,
				06D3580028C741D80093C564 /* ProductTileView.swift in Sources */,
				06D357F228C71B4E0093C564 /* ClientController.swift in Sources */,
				066F406C28BE7BA4000718D7 /* RoundedRectangleCustom.swift in Sources */,
				06ACC36C28BF52640012166D /* DesynticTile.swift in Sources */,
				06D3581128C7B14C0093C564 /* CreateClient.swift in Sources */,
				06F5C18628C2274A00B3F37A /* EstimateListTileView.swift in Sources */,
				06EFE67A28BE4D0A0052BEA0 /* UserCellView.swift in Sources */,
				06F5C17228C0B75E00B3F37A /* CircularSpinnerView.swift in Sources */,
				06D357F628C722DA0093C564 /* ClientListSelectingView.swift in Sources */,
				06ACC36628BF51510012166D /* TotalSectionLine.swift in Sources */,
				06D3580228C744540093C564 /* ProductsManager.swift in Sources */,
				06F5C17028C0B73300B3F37A /* LoadingInProgressView.swift in Sources */,
				06D357FA28C73B470093C564 /* SelectProductView.swift in Sources */,
				06AA687228C09D940075B635 /* String.swift in Sources */,
				06AA687028C091FC0075B635 /* UserController.swift in Sources */,
				06F5C17E28C114A800B3F37A /* InvoicesController.swift in Sources */,
				06180BC028C8832000E79AC4 /* ProductInformationTextField.swift in Sources */,
				06180BCB28C8BB1400E79AC4 /* SelectPaymentListView.swift in Sources */,
				06D1A14D28BFAA96002533F5 /* Network.swift in Sources */,
				06AA687C28C0ACCD0075B635 /* Permissions.swift in Sources */,
				06AA687A28C0AC620075B635 /* Position.swift in Sources */,
				06AA687428C09E5D0075B635 /* AppController.swift in Sources */,
				06D1A16528BFB50A002533F5 /* ProductCategory.swift in Sources */,
				06180BCD28C8BB7300E79AC4 /* PaymentController.swift in Sources */,
				06ACC36428BF4DCC0012166D /* Double.swift in Sources */,
				06FAE28028C880520058DCE5 /* ProductDetailsView.swift in Sources */,
				06D1A15228BFB27C002533F5 /* Client.swift in Sources */,
				06D3580F28C793650093C564 /* ClientInformationTextField.swift in Sources */,
				06180BD728C8C96B00E79AC4 /* PaymentDetailView.swift in Sources */,
				06EFE67E28BE4ED80052BEA0 /* InvoicesView.swift in Sources */,
				06ACC37128BF56B60012166D /* InvoicePDF.swift in Sources */,
				06F5C18828C23A6600B3F37A /* EstimateDetail.swift in Sources */,
				06D1A15928BFB31D002533F5 /* Estimate.swift in Sources */,
				06D1A14B28BFAA51002533F5 /* NetworkManager.swift in Sources */,
				06180BC228C8834B00E79AC4 /* ProductUpdateView.swift in Sources */,
				066F407328BF3C92000718D7 /* EstimatePDF.swift in Sources */,
				06D1A15028BFB19B002533F5 /* Address.swift in Sources */,
				06D357F028C719EC0093C564 /* ClientManager.swift in Sources */,
				066F406A28BE7A6E000718D7 /* SectionTitleCustom.swift in Sources */,
				06D3580D28C792E10093C564 /* UpdateClientView.swift in Sources */,
				06F5C18428C1FF9000B3F37A /* InvoiceListTileView.swift in Sources */,
				06A63AF028BD53C0009805CB /* StartView.swift in Sources */,
				06AA687628C0A9270075B635 /* UserManager.swift in Sources */,
				06F5C18028C114F300B3F37A /* InvoicesManager.swift in Sources */,
				06180BD528C8C80000E79AC4 /* PaymentListView.swift in Sources */,
				06EFE68228BE581B0052BEA0 /* PieChart.swift in Sources */,
				06ACC36A28BF523E0012166D /* PdfHeader.swift in Sources */,
				06ACC37328BF597F0012166D /* InvoiceDetail.swift in Sources */,
				06C349B928BDEF28004D0960 /* TextFieldCustom.swift in Sources */,
				06D3580728C777990093C564 /* AddEstimateView.swift in Sources */,
				06F5C17828C0D25E00B3F37A /* RevenuesManager.swift in Sources */,
				06AA687E28C0AE3C0075B635 /* Notification.swift in Sources */,
				06A63AF328BD55CB009805CB /* AnyTransition.swift in Sources */,
				06DF3DE928BF7AFA00117C38 /* ProductListUpdateView.swift in Sources */,
				06180BD928C8CBB200E79AC4 /* PaymentUpdateView.swift in Sources */,
				06EFE67728BE2C550052BEA0 /* SettingsView.swift in Sources */,
				06D357F828C7260C0093C564 /* ClientDetailsView.swift in Sources */,
				06C349BB28BDF71E004D0960 /* SignupSubview.swift in Sources */,
				06180BC828C89FCA00E79AC4 /* Payment.swift in Sources */,
				06FAE27E28C87BBB0058DCE5 /* ProductListView.swift in Sources */,
				0661ABD528BD50CC00E88116 /* GestionApp.swift in Sources */,
				06EFE68428BE59830052BEA0 /* PieSlideChart.swift in Sources */,
				06DF3DE728BF77AE00117C38 /* UpdateInvoiceView.swift in Sources */,
				066F407028BEA1C3000718D7 /* TileView.swift in Sources */,
				06F5C17628C0D0BF00B3F37A /* Revenues.swift in Sources */,
				06D1A15728BFB2F7002533F5 /* Gender.swift in Sources */,
				06180BC628C8919B00E79AC4 /* ProductCreateView.swift in Sources */,
				06DF3DEB28BF923900117C38 /* AddInvoiceView.swift in Sources */,
				06D1A15528BFB2CE002533F5 /* PersonType.swift in Sources */,
				06D3580928C782A60093C564 /* UpdateEstimateView.swift in Sources */,
				066F406E28BE7ECA000718D7 /* InfoTile.swift in Sources */,
				06D1A15B28BFB392002533F5 /* EstimateStatus.swift in Sources */,
			);
			runOnlyForDeploymentPostprocessing = 0;
		};
		0661ABDD28BD50CD00E88116 /* Sources */ = {
			isa = PBXSourcesBuildPhase;
			buildActionMask = 2147483647;
			files = (
				06180BDF28C8DE7500E79AC4 /* UserTest.swift in Sources */,
				06180BEC28C8DEF600E79AC4 /* FakeResponseData.swift in Sources */,
				06180BE928C8DEA400E79AC4 /* PaymentTest.swift in Sources */,
				06180BE328C8DE8A00E79AC4 /* EstimatesTest.swift in Sources */,
				06180BEE28C8E62800E79AC4 /* FakeNetworkManager.swift in Sources */,
				06180BE528C8DE9100E79AC4 /* InvoicesTest.swift in Sources */,
				06180BE728C8DE9A00E79AC4 /* ProductsTest.swift in Sources */,
				06180BE128C8DE8200E79AC4 /* RevenuesTest.swift in Sources */,
				06180BDD28C8DE6900E79AC4 /* ClientTest.swift in Sources */,
			);
			runOnlyForDeploymentPostprocessing = 0;
		};
/* End PBXSourcesBuildPhase section */

/* Begin PBXTargetDependency section */
		0661ABE328BD50CD00E88116 /* PBXTargetDependency */ = {
			isa = PBXTargetDependency;
			target = 0661ABD028BD50CC00E88116 /* Gestion */;
			targetProxy = 0661ABE228BD50CD00E88116 /* PBXContainerItemProxy */;
		};
/* End PBXTargetDependency section */

/* Begin XCBuildConfiguration section */
		0661ABF328BD50CD00E88116 /* Debug */ = {
			isa = XCBuildConfiguration;
			buildSettings = {
				ALWAYS_SEARCH_USER_PATHS = NO;
				CLANG_ANALYZER_NONNULL = YES;
				CLANG_ANALYZER_NUMBER_OBJECT_CONVERSION = YES_AGGRESSIVE;
				CLANG_CXX_LANGUAGE_STANDARD = "gnu++20";
				CLANG_ENABLE_MODULES = YES;
				CLANG_ENABLE_OBJC_ARC = YES;
				CLANG_ENABLE_OBJC_WEAK = YES;
				CLANG_WARN_BLOCK_CAPTURE_AUTORELEASING = YES;
				CLANG_WARN_BOOL_CONVERSION = YES;
				CLANG_WARN_COMMA = YES;
				CLANG_WARN_CONSTANT_CONVERSION = YES;
				CLANG_WARN_DEPRECATED_OBJC_IMPLEMENTATIONS = YES;
				CLANG_WARN_DIRECT_OBJC_ISA_USAGE = YES_ERROR;
				CLANG_WARN_DOCUMENTATION_COMMENTS = YES;
				CLANG_WARN_EMPTY_BODY = YES;
				CLANG_WARN_ENUM_CONVERSION = YES;
				CLANG_WARN_INFINITE_RECURSION = YES;
				CLANG_WARN_INT_CONVERSION = YES;
				CLANG_WARN_NON_LITERAL_NULL_CONVERSION = YES;
				CLANG_WARN_OBJC_IMPLICIT_RETAIN_SELF = YES;
				CLANG_WARN_OBJC_LITERAL_CONVERSION = YES;
				CLANG_WARN_OBJC_ROOT_CLASS = YES_ERROR;
				CLANG_WARN_QUOTED_INCLUDE_IN_FRAMEWORK_HEADER = YES;
				CLANG_WARN_RANGE_LOOP_ANALYSIS = YES;
				CLANG_WARN_STRICT_PROTOTYPES = YES;
				CLANG_WARN_SUSPICIOUS_MOVE = YES;
				CLANG_WARN_UNGUARDED_AVAILABILITY = YES_AGGRESSIVE;
				CLANG_WARN_UNREACHABLE_CODE = YES;
				CLANG_WARN__DUPLICATE_METHOD_MATCH = YES;
				COPY_PHASE_STRIP = NO;
				DEBUG_INFORMATION_FORMAT = dwarf;
				ENABLE_STRICT_OBJC_MSGSEND = YES;
				ENABLE_TESTABILITY = YES;
				GCC_C_LANGUAGE_STANDARD = gnu11;
				GCC_DYNAMIC_NO_PIC = NO;
				GCC_NO_COMMON_BLOCKS = YES;
				GCC_OPTIMIZATION_LEVEL = 0;
				GCC_PREPROCESSOR_DEFINITIONS = (
					"DEBUG=1",
					"$(inherited)",
				);
				GCC_WARN_64_TO_32_BIT_CONVERSION = YES;
				GCC_WARN_ABOUT_RETURN_TYPE = YES_ERROR;
				GCC_WARN_UNDECLARED_SELECTOR = YES;
				GCC_WARN_UNINITIALIZED_AUTOS = YES_AGGRESSIVE;
				GCC_WARN_UNUSED_FUNCTION = YES;
				GCC_WARN_UNUSED_VARIABLE = YES;
				IPHONEOS_DEPLOYMENT_TARGET = 16.0;
				MTL_ENABLE_DEBUG_INFO = INCLUDE_SOURCE;
				MTL_FAST_MATH = YES;
				ONLY_ACTIVE_ARCH = YES;
				SDKROOT = iphoneos;
				SWIFT_ACTIVE_COMPILATION_CONDITIONS = DEBUG;
				SWIFT_OPTIMIZATION_LEVEL = "-Onone";
			};
			name = Debug;
		};
		0661ABF428BD50CD00E88116 /* Release */ = {
			isa = XCBuildConfiguration;
			buildSettings = {
				ALWAYS_SEARCH_USER_PATHS = NO;
				CLANG_ANALYZER_NONNULL = YES;
				CLANG_ANALYZER_NUMBER_OBJECT_CONVERSION = YES_AGGRESSIVE;
				CLANG_CXX_LANGUAGE_STANDARD = "gnu++20";
				CLANG_ENABLE_MODULES = YES;
				CLANG_ENABLE_OBJC_ARC = YES;
				CLANG_ENABLE_OBJC_WEAK = YES;
				CLANG_WARN_BLOCK_CAPTURE_AUTORELEASING = YES;
				CLANG_WARN_BOOL_CONVERSION = YES;
				CLANG_WARN_COMMA = YES;
				CLANG_WARN_CONSTANT_CONVERSION = YES;
				CLANG_WARN_DEPRECATED_OBJC_IMPLEMENTATIONS = YES;
				CLANG_WARN_DIRECT_OBJC_ISA_USAGE = YES_ERROR;
				CLANG_WARN_DOCUMENTATION_COMMENTS = YES;
				CLANG_WARN_EMPTY_BODY = YES;
				CLANG_WARN_ENUM_CONVERSION = YES;
				CLANG_WARN_INFINITE_RECURSION = YES;
				CLANG_WARN_INT_CONVERSION = YES;
				CLANG_WARN_NON_LITERAL_NULL_CONVERSION = YES;
				CLANG_WARN_OBJC_IMPLICIT_RETAIN_SELF = YES;
				CLANG_WARN_OBJC_LITERAL_CONVERSION = YES;
				CLANG_WARN_OBJC_ROOT_CLASS = YES_ERROR;
				CLANG_WARN_QUOTED_INCLUDE_IN_FRAMEWORK_HEADER = YES;
				CLANG_WARN_RANGE_LOOP_ANALYSIS = YES;
				CLANG_WARN_STRICT_PROTOTYPES = YES;
				CLANG_WARN_SUSPICIOUS_MOVE = YES;
				CLANG_WARN_UNGUARDED_AVAILABILITY = YES_AGGRESSIVE;
				CLANG_WARN_UNREACHABLE_CODE = YES;
				CLANG_WARN__DUPLICATE_METHOD_MATCH = YES;
				COPY_PHASE_STRIP = NO;
				DEBUG_INFORMATION_FORMAT = "dwarf-with-dsym";
				ENABLE_NS_ASSERTIONS = NO;
				ENABLE_STRICT_OBJC_MSGSEND = YES;
				GCC_C_LANGUAGE_STANDARD = gnu11;
				GCC_NO_COMMON_BLOCKS = YES;
				GCC_WARN_64_TO_32_BIT_CONVERSION = YES;
				GCC_WARN_ABOUT_RETURN_TYPE = YES_ERROR;
				GCC_WARN_UNDECLARED_SELECTOR = YES;
				GCC_WARN_UNINITIALIZED_AUTOS = YES_AGGRESSIVE;
				GCC_WARN_UNUSED_FUNCTION = YES;
				GCC_WARN_UNUSED_VARIABLE = YES;
				IPHONEOS_DEPLOYMENT_TARGET = 16.0;
				MTL_ENABLE_DEBUG_INFO = NO;
				MTL_FAST_MATH = YES;
				SDKROOT = iphoneos;
				SWIFT_COMPILATION_MODE = wholemodule;
				SWIFT_OPTIMIZATION_LEVEL = "-O";
				VALIDATE_PRODUCT = YES;
			};
			name = Release;
		};
		0661ABF628BD50CD00E88116 /* Debug */ = {
			isa = XCBuildConfiguration;
			buildSettings = {
				ASSETCATALOG_COMPILER_APPICON_NAME = AppIcon;
				ASSETCATALOG_COMPILER_GLOBAL_ACCENT_COLOR_NAME = AccentColor;
				CODE_SIGN_STYLE = Automatic;
				CURRENT_PROJECT_VERSION = 1;
				DEVELOPMENT_ASSET_PATHS = "\"Gestion/Supporting Files/Preview Content\"";
				DEVELOPMENT_TEAM = 6MAUVS763K;
				ENABLE_PREVIEWS = YES;
				GENERATE_INFOPLIST_FILE = YES;
				INFOPLIST_FILE = Gestion/Info.plist;
				INFOPLIST_KEY_CFBundleDisplayName = Desyntic;
				INFOPLIST_KEY_LSApplicationCategoryType = "public.app-category.productivity";
				INFOPLIST_KEY_LSSupportsOpeningDocumentsInPlace = NO;
				INFOPLIST_KEY_NSFaceIDUsageDescription = "Authenticate to the app";
				INFOPLIST_KEY_UIApplicationSceneManifest_Generation = YES;
				INFOPLIST_KEY_UIApplicationSupportsIndirectInputEvents = YES;
				INFOPLIST_KEY_UILaunchScreen_Generation = YES;
				INFOPLIST_KEY_UISupportedInterfaceOrientations = UIInterfaceOrientationPortrait;
				INFOPLIST_KEY_UISupportedInterfaceOrientations_iPad = "UIInterfaceOrientationLandscapeLeft UIInterfaceOrientationLandscapeRight UIInterfaceOrientationPortrait UIInterfaceOrientationPortraitUpsideDown";
				INFOPLIST_KEY_UISupportsDocumentBrowser = YES;
				LD_RUNPATH_SEARCH_PATHS = (
					"$(inherited)",
					"@executable_path/Frameworks",
				);
				MARKETING_VERSION = 1.0;
				PRODUCT_BUNDLE_IDENTIFIER = com.desyntic.Gestion;
				PRODUCT_NAME = "$(TARGET_NAME)";
				SWIFT_EMIT_LOC_STRINGS = YES;
				SWIFT_VERSION = 5.0;
				TARGETED_DEVICE_FAMILY = "1,2";
			};
			name = Debug;
		};
		0661ABF728BD50CD00E88116 /* Release */ = {
			isa = XCBuildConfiguration;
			buildSettings = {
				ASSETCATALOG_COMPILER_APPICON_NAME = AppIcon;
				ASSETCATALOG_COMPILER_GLOBAL_ACCENT_COLOR_NAME = AccentColor;
				CODE_SIGN_STYLE = Automatic;
				CURRENT_PROJECT_VERSION = 1;
				DEVELOPMENT_ASSET_PATHS = "\"Gestion/Supporting Files/Preview Content\"";
				DEVELOPMENT_TEAM = 6MAUVS763K;
				ENABLE_PREVIEWS = YES;
				GENERATE_INFOPLIST_FILE = YES;
				INFOPLIST_FILE = Gestion/Info.plist;
				INFOPLIST_KEY_CFBundleDisplayName = Desyntic;
				INFOPLIST_KEY_LSApplicationCategoryType = "public.app-category.productivity";
				INFOPLIST_KEY_LSSupportsOpeningDocumentsInPlace = NO;
				INFOPLIST_KEY_NSFaceIDUsageDescription = "Authenticate to the app";
				INFOPLIST_KEY_UIApplicationSceneManifest_Generation = YES;
				INFOPLIST_KEY_UIApplicationSupportsIndirectInputEvents = YES;
				INFOPLIST_KEY_UILaunchScreen_Generation = YES;
				INFOPLIST_KEY_UISupportedInterfaceOrientations = UIInterfaceOrientationPortrait;
				INFOPLIST_KEY_UISupportedInterfaceOrientations_iPad = "UIInterfaceOrientationLandscapeLeft UIInterfaceOrientationLandscapeRight UIInterfaceOrientationPortrait UIInterfaceOrientationPortraitUpsideDown";
				INFOPLIST_KEY_UISupportsDocumentBrowser = YES;
				LD_RUNPATH_SEARCH_PATHS = (
					"$(inherited)",
					"@executable_path/Frameworks",
				);
				MARKETING_VERSION = 1.0;
				PRODUCT_BUNDLE_IDENTIFIER = com.desyntic.Gestion;
				PRODUCT_NAME = "$(TARGET_NAME)";
				SWIFT_EMIT_LOC_STRINGS = YES;
				SWIFT_VERSION = 5.0;
				TARGETED_DEVICE_FAMILY = "1,2";
			};
			name = Release;
		};
		0661ABF928BD50CD00E88116 /* Debug */ = {
			isa = XCBuildConfiguration;
			buildSettings = {
				ALWAYS_EMBED_SWIFT_STANDARD_LIBRARIES = YES;
				BUNDLE_LOADER = "$(TEST_HOST)";
				CODE_SIGN_STYLE = Automatic;
				CURRENT_PROJECT_VERSION = 1;
				DEVELOPMENT_TEAM = 6MAUVS763K;
				GENERATE_INFOPLIST_FILE = YES;
				IPHONEOS_DEPLOYMENT_TARGET = 16.0;
				MARKETING_VERSION = 1.0;
				PRODUCT_BUNDLE_IDENTIFIER = com.desyntic.GestionTests;
				PRODUCT_NAME = "$(TARGET_NAME)";
				SWIFT_EMIT_LOC_STRINGS = NO;
				SWIFT_VERSION = 5.0;
				TARGETED_DEVICE_FAMILY = "1,2";
				TEST_HOST = "$(BUILT_PRODUCTS_DIR)/Gestion.app/$(BUNDLE_EXECUTABLE_FOLDER_PATH)/Gestion";
			};
			name = Debug;
		};
		0661ABFA28BD50CD00E88116 /* Release */ = {
			isa = XCBuildConfiguration;
			buildSettings = {
				ALWAYS_EMBED_SWIFT_STANDARD_LIBRARIES = YES;
				BUNDLE_LOADER = "$(TEST_HOST)";
				CODE_SIGN_STYLE = Automatic;
				CURRENT_PROJECT_VERSION = 1;
				DEVELOPMENT_TEAM = 6MAUVS763K;
				GENERATE_INFOPLIST_FILE = YES;
				IPHONEOS_DEPLOYMENT_TARGET = 16.0;
				MARKETING_VERSION = 1.0;
				PRODUCT_BUNDLE_IDENTIFIER = com.desyntic.GestionTests;
				PRODUCT_NAME = "$(TARGET_NAME)";
				SWIFT_EMIT_LOC_STRINGS = NO;
				SWIFT_VERSION = 5.0;
				TARGETED_DEVICE_FAMILY = "1,2";
				TEST_HOST = "$(BUILT_PRODUCTS_DIR)/Gestion.app/$(BUNDLE_EXECUTABLE_FOLDER_PATH)/Gestion";
			};
			name = Release;
		};
/* End XCBuildConfiguration section */

/* Begin XCConfigurationList section */
		0661ABCC28BD50CC00E88116 /* Build configuration list for PBXProject "Gestion" */ = {
			isa = XCConfigurationList;
			buildConfigurations = (
				0661ABF328BD50CD00E88116 /* Debug */,
				0661ABF428BD50CD00E88116 /* Release */,
			);
			defaultConfigurationIsVisible = 0;
			defaultConfigurationName = Release;
		};
		0661ABF528BD50CD00E88116 /* Build configuration list for PBXNativeTarget "Gestion" */ = {
			isa = XCConfigurationList;
			buildConfigurations = (
				0661ABF628BD50CD00E88116 /* Debug */,
				0661ABF728BD50CD00E88116 /* Release */,
			);
			defaultConfigurationIsVisible = 0;
			defaultConfigurationName = Release;
		};
		0661ABF828BD50CD00E88116 /* Build configuration list for PBXNativeTarget "GestionTests" */ = {
			isa = XCConfigurationList;
			buildConfigurations = (
				0661ABF928BD50CD00E88116 /* Debug */,
				0661ABFA28BD50CD00E88116 /* Release */,
			);
			defaultConfigurationIsVisible = 0;
			defaultConfigurationName = Release;
		};
/* End XCConfigurationList section */

/* Begin XCRemoteSwiftPackageReference section */
		06F5C18928C23C6800B3F37A /* XCRemoteSwiftPackageReference "Alamofire" */ = {
			isa = XCRemoteSwiftPackageReference;
			repositoryURL = "https://github.com/Alamofire/Alamofire.git";
			requirement = {
				kind = upToNextMajorVersion;
				minimumVersion = 5.0.0;
			};
		};
/* End XCRemoteSwiftPackageReference section */

/* Begin XCSwiftPackageProductDependency section */
		06F5C18A28C23C6800B3F37A /* Alamofire */ = {
			isa = XCSwiftPackageProductDependency;
			package = 06F5C18928C23C6800B3F37A /* XCRemoteSwiftPackageReference "Alamofire" */;
			productName = Alamofire;
		};
/* End XCSwiftPackageProductDependency section */
	};
	rootObject = 0661ABC928BD50CC00E88116 /* Project object */;
}
